github.com/go-sql-driver/mysql v1.6.0 h1:BCTh4TKNUYmOmMUcQ3IipzF5prigylS7XXjEkfCHuOE=
github.com/go-sql-driver/mysql v1.6.0/go.mod h1:DCzpHaOWr8IXmIStZouvnhqoel9Qv2LBy8hT2VhHyBg=
github.com/platformsh/config-reader-go/v2 v2.3.1 h1:Lj74RYc2toKhhMV7zgS8Ua2X/fVBgQzd7hrdONioe2U=
github.com/platformsh/config-reader-go/v2 v2.3.1/go.mod h1:b1XoU9pi4yfOL2HGUKp40BQOhhqJFMNbNXBtwousNR0=
