{
    "_meta": {
        "hash": {
            "sha256": "6216cafc21bdcd78410b6720cda5338b0f7fe3698b3569f89f24620fc4e3b42a"
        },
        "pipfile-spec": 6,
        "requires": {
            "python_version": "2.7"
        },
        "sources": [
            {
                "name": "pypi",
                "url": "https://pypi.org/simple",
                "verify_ssl": true
            }
        ]
    },
    "default": {
        "pymysql": {
            "hashes": [
                "sha256:3943fbbbc1e902f41daf7f9165519f140c4451c179380677e6a848587042561a",
                "sha256:d8c059dcd81dedb85a9f034d5e22dcb4442c0b201908bede99e306d65ea7c8e7"
            ],
            "index": "pypi",
            "version": "==0.9.3"
        },
        "redis": {
            "hashes": [
                "sha256:6946b5dca72e86103edc8033019cc3814c031232d339d5f4533b02ea85685175",
                "sha256:8ca418d2ddca1b1a850afa1680a7d2fd1f3322739271de4b704e0d4668449273"
            ],
            "index": "pypi",
            "version": "==3.2.1"
        }
    },
    "develop": {}
}
