{
    "_meta": {
        "hash": {
            "sha256": "646d6421366cda78816db5f3bde81d0be00df35b1ca426721c2b909fc02f0dc6"
        },
        "pipfile-spec": 6,
        "requires": {
            "python_version": "3.7"
        },
        "sources": [
            {
                "name": "pypi",
                "url": "https://pypi.org/simple",
                "verify_ssl": true
            }
        ]
    },
    "default": {
        "platformshconfig": {
            "hashes": [
                "sha256:d285702d2c1344fa1ae333356ae717fe102c7ac7cf61edd15d294e56e004839a",
                "sha256:effa9e10ac22cd641f0f4f618eb4c02307a43caa1b7c6dda86b3344bcd246f3d"
            ],
            "index": "pypi",
            "version": "==2.2.3"
        },
        "pymysql": {
            "hashes": [
                "sha256:3943fbbbc1e902f41daf7f9165519f140c4451c179380677e6a848587042561a",
                "sha256:d8c059dcd81dedb85a9f034d5e22dcb4442c0b201908bede99e306d65ea7c8e7"
            ],
            "index": "pypi",
            "version": "==0.9.3"
        },
        "redis": {
            "hashes": [
                "sha256:98a22fb750c9b9bb46e75e945dc3f61d0ab30d06117cbb21ff9cd1d315fedd3b",
                "sha256:c504251769031b0dd7dd5cf786050a6050197c6de0d37778c80c08cb04ae8275"
            ],
            "index": "pypi",
            "version": "==3.3.8"
        }
    },
    "develop": {}
}
