{
    "_meta": {
        "hash": {
            "sha256": "8ec257f516ae0671b8fc2b95b43b43e1460270d0b3d66ea49849945debed3e2c"
        },
        "pipfile-spec": 6,
        "requires": {
            "python_version": "3.7"
        },
        "sources": [
            {
                "name": "pypi",
                "url": "https://pypi.org/simple",
                "verify_ssl": true
            }
        ]
    },
    "default": {
        "platformshconfig": {
            "hashes": [
                "sha256:1567cf3ed6c107f9c3a230276c299b8fc1879e3f3e957eaf1aacda40bbed35cc",
                "sha256:c94666798e9259f6cf53101f1320b6f2318e553f9beb69cb883b599b6045c87d"
            ],
            "index": "pypi",
            "version": "==2.2.1"
        },
        "pymysql": {
            "hashes": [
                "sha256:3943fbbbc1e902f41daf7f9165519f140c4451c179380677e6a848587042561a",
                "sha256:d8c059dcd81dedb85a9f034d5e22dcb4442c0b201908bede99e306d65ea7c8e7"
            ],
            "index": "pypi",
            "version": "==0.9.3"
        },
        "redis": {
            "hashes": [
                "sha256:6946b5dca72e86103edc8033019cc3814c031232d339d5f4533b02ea85685175",
                "sha256:8ca418d2ddca1b1a850afa1680a7d2fd1f3322739271de4b704e0d4668449273"
            ],
            "index": "pypi",
            "version": "==3.2.1"
        },
        "uwsgi": {
            "hashes": [
                "sha256:4972ac538800fb2d421027f49b4a1869b66048839507ccf0aa2fda792d99f583"
            ],
            "index": "pypi",
            "version": "==2.0.18"
        }
    },
    "develop": {}
}
